
Microsoft Visual Studio Solution File, Format Version 12.00
# Visual Studio Version 16
VisualStudioVersion = 16.0.30114.105
MinimumVisualStudioVersion = 10.0.40219.1
Project("{FAE04EC0-301F-11D3-BF4B-00C04F79EFBC}") = "JTNet", "JTNet\JTNet.csproj", "{4B02D3A8-D9C9-4513-93CB-CFB38BE32EEE}"
EndProject
Project("{FAE04EC0-301F-11D3-BF4B-00C04F79EFBC}") = "JTNet.UnitTests", "JTNet.UnitTests\JTNet.UnitTests.csproj", "{B9430593-4436-4E2D-93F7-C504BC877CFF}"
EndProject
Global
	GlobalSection(SolutionConfigurationPlatforms) = preSolution
		Debug|Any CPU = Debug|Any CPU
		Debug|x64 = Debug|x64
		Debug|x86 = Debug|x86
		Release|Any CPU = Release|Any CPU
		Release|x64 = Release|x64
		Release|x86 = Release|x86
	EndGlobalSection
	GlobalSection(SolutionProperties) = preSolution
		HideSolutionNode = FALSE
	EndGlobalSection
	GlobalSection(ProjectConfigurationPlatforms) = postSolution
		{4B02D3A8-D9C9-4513-93CB-CFB38BE32EEE}.Debug|Any CPU.ActiveCfg = Debug|Any CPU
		{4B02D3A8-D9C9-4513-93CB-CFB38BE32EEE}.Debug|Any CPU.Build.0 = Debug|Any CPU
		{4B02D3A8-D9C9-4513-93CB-CFB38BE32EEE}.Debug|x64.ActiveCfg = Debug|Any CPU
		{4B02D3A8-D9C9-4513-93CB-CFB38BE32EEE}.Debug|x64.Build.0 = Debug|Any CPU
		{4B02D3A8-D9C9-4513-93CB-CFB38BE32EEE}.Debug|x86.ActiveCfg = Debug|Any CPU
		{4B02D3A8-D9C9-4513-93CB-CFB38BE32EEE}.Debug|x86.Build.0 = Debug|Any CPU
		{4B02D3A8-D9C9-4513-93CB-CFB38BE32EEE}.Release|Any CPU.ActiveCfg = Release|Any CPU
		{4B02D3A8-D9C9-4513-93CB-CFB38BE32EEE}.Release|Any CPU.Build.0 = Release|Any CPU
		{4B02D3A8-D9C9-4513-93CB-CFB38BE32EEE}.Release|x64.ActiveCfg = Release|Any CPU
		{4B02D3A8-D9C9-4513-93CB-CFB38BE32EEE}.Release|x64.Build.0 = Release|Any CPU
		{4B02D3A8-D9C9-4513-93CB-CFB38BE32EEE}.Release|x86.ActiveCfg = Release|Any CPU
		{4B02D3A8-D9C9-4513-93CB-CFB38BE32EEE}.Release|x86.Build.0 = Release|Any CPU
		{B9430593-4436-4E2D-93F7-C504BC877CFF}.Debug|Any CPU.ActiveCfg = Debug|Any CPU
		{B9430593-4436-4E2D-93F7-C504BC877CFF}.Debug|Any CPU.Build.0 = Debug|Any CPU
		{B9430593-4436-4E2D-93F7-C504BC877CFF}.Debug|x64.ActiveCfg = Debug|Any CPU
		{B9430593-4436-4E2D-93F7-C504BC877CFF}.Debug|x64.Build.0 = Debug|Any CPU
		{B9430593-4436-4E2D-93F7-C504BC877CFF}.Debug|x86.ActiveCfg = Debug|Any CPU
		{B9430593-4436-4E2D-93F7-C504BC877CFF}.Debug|x86.Build.0 = Debug|Any CPU
		{B9430593-4436-4E2D-93F7-C504BC877CFF}.Release|Any CPU.ActiveCfg = Release|Any CPU
		{B9430593-4436-4E2D-93F7-C504BC877CFF}.Release|Any CPU.Build.0 = Release|Any CPU
		{B9430593-4436-4E2D-93F7-C504BC877CFF}.Release|x64.ActiveCfg = Release|Any CPU
		{B9430593-4436-4E2D-93F7-C504BC877CFF}.Release|x64.Build.0 = Release|Any CPU
		{B9430593-4436-4E2D-93F7-C504BC877CFF}.Release|x86.ActiveCfg = Release|Any CPU
		{B9430593-4436-4E2D-93F7-C504BC877CFF}.Release|x86.Build.0 = Release|Any CPU
	EndGlobalSection
EndGlobal
